
Microsoft Visual Studio Solution File, Format Version 12.00
# Visual Studio Version 16
VisualStudioVersion = 16.0.30317.65
MinimumVisualStudioVersion = 10.0.40219.1
Project("{9A19103F-16F7-4668-BE54-9A1E7A4F7556}") = "TextWorldBlazor", "TextWorldBlazor.csproj", "{D9F42BCC-69E3-45FA-8C66-69FBAEDBCA0F}"
EndProject
Global
	GlobalSection(SolutionConfigurationPlatforms) = preSolution
		Debug|Any CPU = Debug|Any CPU
		Release|Any CPU = Release|Any CPU
	EndGlobalSection
	GlobalSection(ProjectConfigurationPlatforms) = postSolution
		{D9F42BCC-69E3-45FA-8C66-69FBAEDBCA0F}.Debug|Any CPU.ActiveCfg = Debug|Any CPU
		{D9F42BCC-69E3-45FA-8C66-69FBAEDBCA0F}.Debug|Any CPU.Build.0 = Debug|Any CPU
		{D9F42BCC-69E3-45FA-8C66-69FBAEDBCA0F}.Release|Any CPU.ActiveCfg = Release|Any CPU
		{D9F42BCC-69E3-45FA-8C66-69FBAEDBCA0F}.Release|Any CPU.Build.0 = Release|Any CPU
	EndGlobalSection
	GlobalSection(SolutionProperties) = preSolution
		HideSolutionNode = FALSE
	EndGlobalSection
	GlobalSection(ExtensibilityGlobals) = postSolution
		SolutionGuid = {DD4975F5-8F1C-4930-8D60-36E968FB6298}
	EndGlobalSection
EndGlobal
